
Microsoft Visual Studio Solution File, Format Version 12.00
# Visual Studio Version 17
VisualStudioVersion = 17.13.35931.197
MinimumVisualStudioVersion = 10.0.40219.1
Project("{FAE04EC0-301F-11D3-BF4B-00C04F79EFBC}") = "CalPractice", "CalPractice\CalPractice.csproj", "{2A703E4B-1472-43E8-BA7B-CA2102B2C688}"
EndProject
Project("{2150E333-8FDC-42A3-9474-1A3956D46DE8}") = "Solution Items", "Solution Items", "{C8D5274F-AC00-46C7-1F8D-E88E81087A52}"
	ProjectSection(SolutionItems) = preProject
		.editorconfig = .editorconfig
	EndProjectSection
EndProject
Project("{FAE04EC0-301F-11D3-BF4B-00C04F79EFBC}") = "FinalCal", "FinalCal\FinalCal.csproj", "{0F5A9EAE-CF96-4829-A33B-B593605FD2B7}"
EndProject
Project("{FAE04EC0-301F-11D3-BF4B-00C04F79EFBC}") = "Chatting", "Chatting\Chatting.csproj", "{E403C4EF-E7B2-4B27-9CF0-94D9A2E7A3D3}"
EndProject
Project("{FAE04EC0-301F-11D3-BF4B-00C04F79EFBC}") = "ChattingServer", "ChattingServer\ChattingServer.csproj", "{96701A2C-0F3B-44A0-9EAF-8D15BB982941}"
EndProject
Project("{FAE04EC0-301F-11D3-BF4B-00C04F79EFBC}") = "ChattingClient", "ChattingClient\ChattingClient.csproj", "{5013C3D7-8D67-405E-8E30-3856B2531A42}"
EndProject
Project("{FAE04EC0-301F-11D3-BF4B-00C04F79EFBC}") = "TcpClPrac", "TcpPrac\TcpClPrac.csproj", "{FDF89E18-8F97-470F-AFCF-CB6ACBF57CF7}"
EndProject
Project("{FAE04EC0-301F-11D3-BF4B-00C04F79EFBC}") = "EnumPrac", "EnumPrac\EnumPrac.csproj", "{5C27D2A2-3693-4E6D-B351-330BE5E67634}"
EndProject
Project("{FAE04EC0-301F-11D3-BF4B-00C04F79EFBC}") = "ArrayPrac", "ArrayPrac\ArrayPrac.csproj", "{7D2DE104-420B-4B9B-93CA-6DF60F809453}"
EndProject
Project("{FAE04EC0-301F-11D3-BF4B-00C04F79EFBC}") = "ConcadeServ", "ConcadeServ\ConcadeServ.csproj", "{69EF78C2-59E3-4E93-96EA-3813EE8BA7EB}"
EndProject
Project("{FAE04EC0-301F-11D3-BF4B-00C04F79EFBC}") = "TcpServPrac", "TcpServPrac\TcpServPrac.csproj", "{71E79888-3094-42C8-83CC-A7CD19846991}"
EndProject
Project("{FAE04EC0-301F-11D3-BF4B-00C04F79EFBC}") = "Omok", "Omok\Omok.csproj", "{A8C255B5-1634-4CB8-9680-38078CBCA3C0}"
EndProject
Project("{FAE04EC0-301F-11D3-BF4B-00C04F79EFBC}") = "OmokServer", "OmokServer\OmokServer.csproj", "{898D5BCF-0AFC-46C6-95DB-9E71A3F9D4F1}"
EndProject
Project("{FAE04EC0-301F-11D3-BF4B-00C04F79EFBC}") = "OmokClient", "OmokClient\OmokClient.csproj", "{B12D12CA-B78C-4A42-BE8A-4580A3A87913}"
EndProject
Global
	GlobalSection(SolutionConfigurationPlatforms) = preSolution
		Debug|Any CPU = Debug|Any CPU
		Release|Any CPU = Release|Any CPU
	EndGlobalSection
	GlobalSection(ProjectConfigurationPlatforms) = postSolution
		{2A703E4B-1472-43E8-BA7B-CA2102B2C688}.Debug|Any CPU.ActiveCfg = Debug|Any CPU
		{2A703E4B-1472-43E8-BA7B-CA2102B2C688}.Debug|Any CPU.Build.0 = Debug|Any CPU
		{2A703E4B-1472-43E8-BA7B-CA2102B2C688}.Release|Any CPU.ActiveCfg = Release|Any CPU
		{2A703E4B-1472-43E8-BA7B-CA2102B2C688}.Release|Any CPU.Build.0 = Release|Any CPU
		{0F5A9EAE-CF96-4829-A33B-B593605FD2B7}.Debug|Any CPU.ActiveCfg = Debug|Any CPU
		{0F5A9EAE-CF96-4829-A33B-B593605FD2B7}.Debug|Any CPU.Build.0 = Debug|Any CPU
		{0F5A9EAE-CF96-4829-A33B-B593605FD2B7}.Release|Any CPU.ActiveCfg = Release|Any CPU
		{0F5A9EAE-CF96-4829-A33B-B593605FD2B7}.Release|Any CPU.Build.0 = Release|Any CPU
		{E403C4EF-E7B2-4B27-9CF0-94D9A2E7A3D3}.Debug|Any CPU.ActiveCfg = Debug|Any CPU
		{E403C4EF-E7B2-4B27-9CF0-94D9A2E7A3D3}.Debug|Any CPU.Build.0 = Debug|Any CPU
		{E403C4EF-E7B2-4B27-9CF0-94D9A2E7A3D3}.Release|Any CPU.ActiveCfg = Release|Any CPU
		{E403C4EF-E7B2-4B27-9CF0-94D9A2E7A3D3}.Release|Any CPU.Build.0 = Release|Any CPU
		{96701A2C-0F3B-44A0-9EAF-8D15BB982941}.Debug|Any CPU.ActiveCfg = Debug|Any CPU
		{96701A2C-0F3B-44A0-9EAF-8D15BB982941}.Debug|Any CPU.Build.0 = Debug|Any CPU
		{96701A2C-0F3B-44A0-9EAF-8D15BB982941}.Release|Any CPU.ActiveCfg = Release|Any CPU
		{96701A2C-0F3B-44A0-9EAF-8D15BB982941}.Release|Any CPU.Build.0 = Release|Any CPU
		{5013C3D7-8D67-405E-8E30-3856B2531A42}.Debug|Any CPU.ActiveCfg = Debug|Any CPU
		{5013C3D7-8D67-405E-8E30-3856B2531A42}.Debug|Any CPU.Build.0 = Debug|Any CPU
		{5013C3D7-8D67-405E-8E30-3856B2531A42}.Release|Any CPU.ActiveCfg = Release|Any CPU
		{5013C3D7-8D67-405E-8E30-3856B2531A42}.Release|Any CPU.Build.0 = Release|Any CPU
		{FDF89E18-8F97-470F-AFCF-CB6ACBF57CF7}.Debug|Any CPU.ActiveCfg = Debug|Any CPU
		{FDF89E18-8F97-470F-AFCF-CB6ACBF57CF7}.Debug|Any CPU.Build.0 = Debug|Any CPU
		{FDF89E18-8F97-470F-AFCF-CB6ACBF57CF7}.Release|Any CPU.ActiveCfg = Release|Any CPU
		{FDF89E18-8F97-470F-AFCF-CB6ACBF57CF7}.Release|Any CPU.Build.0 = Release|Any CPU
		{5C27D2A2-3693-4E6D-B351-330BE5E67634}.Debug|Any CPU.ActiveCfg = Debug|Any CPU
		{5C27D2A2-3693-4E6D-B351-330BE5E67634}.Debug|Any CPU.Build.0 = Debug|Any CPU
		{5C27D2A2-3693-4E6D-B351-330BE5E67634}.Release|Any CPU.ActiveCfg = Release|Any CPU
		{5C27D2A2-3693-4E6D-B351-330BE5E67634}.Release|Any CPU.Build.0 = Release|Any CPU
		{7D2DE104-420B-4B9B-93CA-6DF60F809453}.Debug|Any CPU.ActiveCfg = Debug|Any CPU
		{7D2DE104-420B-4B9B-93CA-6DF60F809453}.Debug|Any CPU.Build.0 = Debug|Any CPU
		{7D2DE104-420B-4B9B-93CA-6DF60F809453}.Release|Any CPU.ActiveCfg = Release|Any CPU
		{7D2DE104-420B-4B9B-93CA-6DF60F809453}.Release|Any CPU.Build.0 = Release|Any CPU
		{69EF78C2-59E3-4E93-96EA-3813EE8BA7EB}.Debug|Any CPU.ActiveCfg = Debug|Any CPU
		{69EF78C2-59E3-4E93-96EA-3813EE8BA7EB}.Debug|Any CPU.Build.0 = Debug|Any CPU
		{69EF78C2-59E3-4E93-96EA-3813EE8BA7EB}.Release|Any CPU.ActiveCfg = Release|Any CPU
		{69EF78C2-59E3-4E93-96EA-3813EE8BA7EB}.Release|Any CPU.Build.0 = Release|Any CPU
		{71E79888-3094-42C8-83CC-A7CD19846991}.Debug|Any CPU.ActiveCfg = Debug|Any CPU
		{71E79888-3094-42C8-83CC-A7CD19846991}.Debug|Any CPU.Build.0 = Debug|Any CPU
		{71E79888-3094-42C8-83CC-A7CD19846991}.Release|Any CPU.ActiveCfg = Release|Any CPU
		{71E79888-3094-42C8-83CC-A7CD19846991}.Release|Any CPU.Build.0 = Release|Any CPU
		{A8C255B5-1634-4CB8-9680-38078CBCA3C0}.Debug|Any CPU.ActiveCfg = Debug|Any CPU
		{A8C255B5-1634-4CB8-9680-38078CBCA3C0}.Debug|Any CPU.Build.0 = Debug|Any CPU
		{A8C255B5-1634-4CB8-9680-38078CBCA3C0}.Release|Any CPU.ActiveCfg = Release|Any CPU
		{A8C255B5-1634-4CB8-9680-38078CBCA3C0}.Release|Any CPU.Build.0 = Release|Any CPU
		{898D5BCF-0AFC-46C6-95DB-9E71A3F9D4F1}.Debug|Any CPU.ActiveCfg = Debug|Any CPU
		{898D5BCF-0AFC-46C6-95DB-9E71A3F9D4F1}.Debug|Any CPU.Build.0 = Debug|Any CPU
		{898D5BCF-0AFC-46C6-95DB-9E71A3F9D4F1}.Release|Any CPU.ActiveCfg = Release|Any CPU
		{898D5BCF-0AFC-46C6-95DB-9E71A3F9D4F1}.Release|Any CPU.Build.0 = Release|Any CPU
		{B12D12CA-B78C-4A42-BE8A-4580A3A87913}.Debug|Any CPU.ActiveCfg = Debug|Any CPU
		{B12D12CA-B78C-4A42-BE8A-4580A3A87913}.Debug|Any CPU.Build.0 = Debug|Any CPU
		{B12D12CA-B78C-4A42-BE8A-4580A3A87913}.Release|Any CPU.ActiveCfg = Release|Any CPU
		{B12D12CA-B78C-4A42-BE8A-4580A3A87913}.Release|Any CPU.Build.0 = Release|Any CPU
	EndGlobalSection
	GlobalSection(SolutionProperties) = preSolution
		HideSolutionNode = FALSE
	EndGlobalSection
	GlobalSection(ExtensibilityGlobals) = postSolution
		SolutionGuid = {452FAA0A-E64E-406F-A1BB-C8E3168D3508}
	EndGlobalSection
EndGlobal
